// !$*UTF8*$!
{
	archiveVersion = 1;
	classes = {
	};
	objectVersion = 50;
	objects = {

/* Begin PBXBuildFile section */
		D41BD9F52231605D00526973 /* AppDelegate.swift in Sources */ = {isa = PBXBuildFile; fileRef = D41BD9F42231605D00526973 /* AppDelegate.swift */; };
		D41BD9F72231605D00526973 /* ListViewController.swift in Sources */ = {isa = PBXBuildFile; fileRef = D41BD9F62231605D00526973 /* ListViewController.swift */; };
		D41BD9F92231605D00526973 /* MapViewController.swift in Sources */ = {isa = PBXBuildFile; fileRef = D41BD9F82231605D00526973 /* MapViewController.swift */; };
		D41BD9FC2231605D00526973 /* Main.storyboard in Resources */ = {isa = PBXBuildFile; fileRef = D41BD9FA2231605D00526973 /* Main.storyboard */; };
		D41BD9FE2231605E00526973 /* Assets.xcassets in Resources */ = {isa = PBXBuildFile; fileRef = D41BD9FD2231605E00526973 /* Assets.xcassets */; };
		D41BDA012231605E00526973 /* LaunchScreen.storyboard in Resources */ = {isa = PBXBuildFile; fileRef = D41BD9FF2231605E00526973 /* LaunchScreen.storyboard */; };
		D41BDA09223161AF00526973 /* BarJsonData.swift in Sources */ = {isa = PBXBuildFile; fileRef = D41BDA08223161AF00526973 /* BarJsonData.swift */; };
		D41BDA0D2231675900526973 /* Bar.swift in Sources */ = {isa = PBXBuildFile; fileRef = D41BDA0C2231675900526973 /* Bar.swift */; };
		D41BDA122231795800526973 /* BarTableViewCell.swift in Sources */ = {isa = PBXBuildFile; fileRef = D41BDA112231795800526973 /* BarTableViewCell.swift */; };
		D41BDA1422317F9100526973 /* data.json in Resources */ = {isa = PBXBuildFile; fileRef = D41BDA1322317F9100526973 /* data.json */; };
		D41BDA1B22318F6B00526973 /* LocationPreviewModalController.swift in Sources */ = {isa = PBXBuildFile; fileRef = D41BDA1A22318F6B00526973 /* LocationPreviewModalController.swift */; };
/* End PBXBuildFile section */

/* Begin PBXFileReference section */
		D41BD9F12231605D00526973 /* Appartoo Test.app */ = {isa = PBXFileReference; explicitFileType = wrapper.application; includeInIndex = 0; path = "Appartoo Test.app"; sourceTree = BUILT_PRODUCTS_DIR; };
		D41BD9F42231605D00526973 /* AppDelegate.swift */ = {isa = PBXFileReference; lastKnownFileType = sourcecode.swift; path = AppDelegate.swift; sourceTree = "<group>"; };
		D41BD9F62231605D00526973 /* ListViewController.swift */ = {isa = PBXFileReference; lastKnownFileType = sourcecode.swift; path = ListViewController.swift; sourceTree = "<group>"; };
		D41BD9F82231605D00526973 /* MapViewController.swift */ = {isa = PBXFileReference; lastKnownFileType = sourcecode.swift; path = MapViewController.swift; sourceTree = "<group>"; };
		D41BD9FB2231605D00526973 /* Base */ = {isa = PBXFileReference; lastKnownFileType = file.storyboard; name = Base; path = Base.lproj/Main.storyboard; sourceTree = "<group>"; };
		D41BD9FD2231605E00526973 /* Assets.xcassets */ = {isa = PBXFileReference; lastKnownFileType = folder.assetcatalog; path = Assets.xcassets; sourceTree = "<group>"; };
		D41BDA002231605E00526973 /* Base */ = {isa = PBXFileReference; lastKnownFileType = file.storyboard; name = Base; path = Base.lproj/LaunchScreen.storyboard; sourceTree = "<group>"; };
		D41BDA022231605E00526973 /* Info.plist */ = {isa = PBXFileReference; lastKnownFileType = text.plist.xml; path = Info.plist; sourceTree = "<group>"; };
		D41BDA08223161AF00526973 /* BarJsonData.swift */ = {isa = PBXFileReference; lastKnownFileType = sourcecode.swift; path = BarJsonData.swift; sourceTree = "<group>"; };
		D41BDA0C2231675900526973 /* Bar.swift */ = {isa = PBXFileReference; lastKnownFileType = sourcecode.swift; path = Bar.swift; sourceTree = "<group>"; };
		D41BDA112231795800526973 /* BarTableViewCell.swift */ = {isa = PBXFileReference; lastKnownFileType = sourcecode.swift; path = BarTableViewCell.swift; sourceTree = "<group>"; };
		D41BDA1322317F9100526973 /* data.json */ = {isa = PBXFileReference; fileEncoding = 4; lastKnownFileType = text.json; path = data.json; sourceTree = "<group>"; };
		D41BDA1A22318F6B00526973 /* LocationPreviewModalController.swift */ = {isa = PBXFileReference; lastKnownFileType = sourcecode.swift; path = LocationPreviewModalController.swift; sourceTree = "<group>"; };
/* End PBXFileReference section */

/* Begin PBXFrameworksBuildPhase section */
		D41BD9EE2231605D00526973 /* Frameworks */ = {
			isa = PBXFrameworksBuildPhase;
			buildActionMask = 2147483647;
			files = (
			);
			runOnlyForDeploymentPostprocessing = 0;
		};
/* End PBXFrameworksBuildPhase section */

/* Begin PBXGroup section */
		D41BD9E82231605D00526973 = {
			isa = PBXGroup;
			children = (
				D41BD9F32231605D00526973 /* Appartoo Test */,
				D41BD9F22231605D00526973 /* Products */,
				D41BDA152231809700526973 /* Frameworks */,
			);
			sourceTree = "<group>";
		};
		D41BD9F22231605D00526973 /* Products */ = {
			isa = PBXGroup;
			children = (
				D41BD9F12231605D00526973 /* Appartoo Test.app */,
			);
			name = Products;
			sourceTree = "<group>";
		};
		D41BD9F32231605D00526973 /* Appartoo Test */ = {
			isa = PBXGroup;
			children = (
				D41BDA0E22316AB400526973 /* Model */,
				D41BD9F42231605D00526973 /* AppDelegate.swift */,
				D41BD9F62231605D00526973 /* ListViewController.swift */,
				D41BDA1A22318F6B00526973 /* LocationPreviewModalController.swift */,
				D41BDA112231795800526973 /* BarTableViewCell.swift */,
				D41BD9F82231605D00526973 /* MapViewController.swift */,
				D41BD9FA2231605D00526973 /* Main.storyboard */,
				D41BD9FD2231605E00526973 /* Assets.xcassets */,
				D41BD9FF2231605E00526973 /* LaunchScreen.storyboard */,
				D41BDA022231605E00526973 /* Info.plist */,
			);
			path = "Appartoo Test";
			sourceTree = "<group>";
		};
		D41BDA0E22316AB400526973 /* Model */ = {
			isa = PBXGroup;
			children = (
				D41BDA1322317F9100526973 /* data.json */,
				D41BDA08223161AF00526973 /* BarJsonData.swift */,
				D41BDA0C2231675900526973 /* Bar.swift */,
			);
			name = Model;
			sourceTree = "<group>";
		};
		D41BDA152231809700526973 /* Frameworks */ = {
			isa = PBXGroup;
			children = (
			);
			name = Frameworks;
			sourceTree = "<group>";
		};
/* End PBXGroup section */

/* Begin PBXNativeTarget section */
		D41BD9F02231605D00526973 /* Appartoo Test */ = {
			isa = PBXNativeTarget;
			buildConfigurationList = D41BDA052231605E00526973 /* Build configuration list for PBXNativeTarget "Appartoo Test" */;
			buildPhases = (
				D41BD9ED2231605D00526973 /* Sources */,
				D41BD9EE2231605D00526973 /* Frameworks */,
				D41BD9EF2231605D00526973 /* Resources */,
			);
			buildRules = (
			);
			dependencies = (
			);
			name = "Appartoo Test";
			productName = "Appartoo Test";
			productReference = D41BD9F12231605D00526973 /* Appartoo Test.app */;
			productType = "com.apple.product-type.application";
		};
/* End PBXNativeTarget section */

/* Begin PBXProject section */
		D41BD9E92231605D00526973 /* Project object */ = {
			isa = PBXProject;
			attributes = {
				LastSwiftUpdateCheck = 1010;
				LastUpgradeCheck = 1010;
				ORGANIZATIONNAME = "Pierre Gabory";
				TargetAttributes = {
					D41BD9F02231605D00526973 = {
						CreatedOnToolsVersion = 10.1;
						SystemCapabilities = {
							com.apple.Maps.iOS = {
								enabled = 0;
							};
						};
					};
				};
			};
			buildConfigurationList = D41BD9EC2231605D00526973 /* Build configuration list for PBXProject "Appartoo Test" */;
			compatibilityVersion = "Xcode 9.3";
			developmentRegion = en;
			hasScannedForEncodings = 0;
			knownRegions = (
				en,
				Base,
			);
			mainGroup = D41BD9E82231605D00526973;
			productRefGroup = D41BD9F22231605D00526973 /* Products */;
			projectDirPath = "";
			projectRoot = "";
			targets = (
				D41BD9F02231605D00526973 /* Appartoo Test */,
			);
		};
/* End PBXProject section */

/* Begin PBXResourcesBuildPhase section */
		D41BD9EF2231605D00526973 /* Resources */ = {
			isa = PBXResourcesBuildPhase;
			buildActionMask = 2147483647;
			files = (
				D41BDA012231605E00526973 /* LaunchScreen.storyboard in Resources */,
				D41BD9FE2231605E00526973 /* Assets.xcassets in Resources */,
				D41BD9FC2231605D00526973 /* Main.storyboard in Resources */,
				D41BDA1422317F9100526973 /* data.json in Resources */,
			);
			runOnlyForDeploymentPostprocessing = 0;
		};
/* End PBXResourcesBuildPhase section */

/* Begin PBXSourcesBuildPhase section */
		D41BD9ED2231605D00526973 /* Sources */ = {
			isa = PBXSourcesBuildPhase;
			buildActionMask = 2147483647;
			files = (
				D41BDA0D2231675900526973 /* Bar.swift in Sources */,
				D41BD9F92231605D00526973 /* MapViewController.swift in Sources */,
				D41BDA1B22318F6B00526973 /* LocationPreviewModalController.swift in Sources */,
				D41BD9F52231605D00526973 /* AppDelegate.swift in Sources */,
				D41BD9F72231605D00526973 /* ListViewController.swift in Sources */,
				D41BDA09223161AF00526973 /* BarJsonData.swift in Sources */,
				D41BDA122231795800526973 /* BarTableViewCell.swift in Sources */,
			);
			runOnlyForDeploymentPostprocessing = 0;
		};
/* End PBXSourcesBuildPhase section */

/* Begin PBXVariantGroup section */
		D41BD9FA2231605D00526973 /* Main.storyboard */ = {
			isa = PBXVariantGroup;
			children = (
				D41BD9FB2231605D00526973 /* Base */,
			);
			name = Main.storyboard;
			sourceTree = "<group>";
		};
		D41BD9FF2231605E00526973 /* LaunchScreen.storyboard */ = {
			isa = PBXVariantGroup;
			children = (
				D41BDA002231605E00526973 /* Base */,
			);
			name = LaunchScreen.storyboard;
			sourceTree = "<group>";
		};
/* End PBXVariantGroup section */

/* Begin XCBuildConfiguration section */
		D41BDA032231605E00526973 /* Debug */ = {
			isa = XCBuildConfiguration;
			buildSettings = {
				ALWAYS_SEARCH_USER_PATHS = NO;
				CLANG_ANALYZER_NONNULL = YES;
				CLANG_ANALYZER_NUMBER_OBJECT_CONVERSION = YES_AGGRESSIVE;
				CLANG_CXX_LANGUAGE_STANDARD = "gnu++14";
				CLANG_CXX_LIBRARY = "libc++";
				CLANG_ENABLE_MODULES = YES;
				CLANG_ENABLE_OBJC_ARC = YES;
				CLANG_ENABLE_OBJC_WEAK = YES;
				CLANG_WARN_BLOCK_CAPTURE_AUTORELEASING = YES;
				CLANG_WARN_BOOL_CONVERSION = YES;
				CLANG_WARN_COMMA = YES;
				CLANG_WARN_CONSTANT_CONVERSION = YES;
				CLANG_WARN_DEPRECATED_OBJC_IMPLEMENTATIONS = YES;
				CLANG_WARN_DIRECT_OBJC_ISA_USAGE = YES_ERROR;
				CLANG_WARN_DOCUMENTATION_COMMENTS = YES;
				CLANG_WARN_EMPTY_BODY = YES;
				CLANG_WARN_ENUM_CONVERSION = YES;
				CLANG_WARN_INFINITE_RECURSION = YES;
				CLANG_WARN_INT_CONVERSION = YES;
				CLANG_WARN_NON_LITERAL_NULL_CONVERSION = YES;
				CLANG_WARN_OBJC_IMPLICIT_RETAIN_SELF = YES;
				CLANG_WARN_OBJC_LITERAL_CONVERSION = YES;
				CLANG_WARN_OBJC_ROOT_CLASS = YES_ERROR;
				CLANG_WARN_RANGE_LOOP_ANALYSIS = YES;
				CLANG_WARN_STRICT_PROTOTYPES = YES;
				CLANG_WARN_SUSPICIOUS_MOVE = YES;
				CLANG_WARN_UNGUARDED_AVAILABILITY = YES_AGGRESSIVE;
				CLANG_WARN_UNREACHABLE_CODE = YES;
				CLANG_WARN__DUPLICATE_METHOD_MATCH = YES;
				CODE_SIGN_IDENTITY = "iPhone Developer";
				COPY_PHASE_STRIP = NO;
				DEBUG_INFORMATION_FORMAT = dwarf;
				ENABLE_STRICT_OBJC_MSGSEND = YES;
				ENABLE_TESTABILITY = YES;
				GCC_C_LANGUAGE_STANDARD = gnu11;
				GCC_DYNAMIC_NO_PIC = NO;
				GCC_NO_COMMON_BLOCKS = YES;
				GCC_OPTIMIZATION_LEVEL = 0;
				GCC_PREPROCESSOR_DEFINITIONS = (
					"DEBUG=1",
					"$(inherited)",
				);
				GCC_WARN_64_TO_32_BIT_CONVERSION = YES;
				GCC_WARN_ABOUT_RETURN_TYPE = YES_ERROR;
				GCC_WARN_UNDECLARED_SELECTOR = YES;
				GCC_WARN_UNINITIALIZED_AUTOS = YES_AGGRESSIVE;
				GCC_WARN_UNUSED_FUNCTION = YES;
				GCC_WARN_UNUSED_VARIABLE = YES;
				IPHONEOS_DEPLOYMENT_TARGET = 12.1;
				MTL_ENABLE_DEBUG_INFO = INCLUDE_SOURCE;
				MTL_FAST_MATH = YES;
				ONLY_ACTIVE_ARCH = YES;
				SDKROOT = iphoneos;
				SWIFT_ACTIVE_COMPILATION_CONDITIONS = DEBUG;
				SWIFT_OPTIMIZATION_LEVEL = "-Onone";
			};
			name = Debug;
		};
		D41BDA042231605E00526973 /* Release */ = {
			isa = XCBuildConfiguration;
			buildSettings = {
				ALWAYS_SEARCH_USER_PATHS = NO;
				CLANG_ANALYZER_NONNULL = YES;
				CLANG_ANALYZER_NUMBER_OBJECT_CONVERSION = YES_AGGRESSIVE;
				CLANG_CXX_LANGUAGE_STANDARD = "gnu++14";
				CLANG_CXX_LIBRARY = "libc++";
				CLANG_ENABLE_MODULES = YES;
				CLANG_ENABLE_OBJC_ARC = YES;
				CLANG_ENABLE_OBJC_WEAK = YES;
				CLANG_WARN_BLOCK_CAPTURE_AUTORELEASING = YES;
				CLANG_WARN_BOOL_CONVERSION = YES;
				CLANG_WARN_COMMA = YES;
				CLANG_WARN_CONSTANT_CONVERSION = YES;
				CLANG_WARN_DEPRECATED_OBJC_IMPLEMENTATIONS = YES;
				CLANG_WARN_DIRECT_OBJC_ISA_USAGE = YES_ERROR;
				CLANG_WARN_DOCUMENTATION_COMMENTS = YES;
				CLANG_WARN_EMPTY_BODY = YES;
				CLANG_WARN_ENUM_CONVERSION = YES;
				CLANG_WARN_INFINITE_RECURSION = YES;
				CLANG_WARN_INT_CONVERSION = YES;
				CLANG_WARN_NON_LITERAL_NULL_CONVERSION = YES;
				CLANG_WARN_OBJC_IMPLICIT_RETAIN_SELF = YES;
				CLANG_WARN_OBJC_LITERAL_CONVERSION = YES;
				CLANG_WARN_OBJC_ROOT_CLASS = YES_ERROR;
				CLANG_WARN_RANGE_LOOP_ANALYSIS = YES;
				CLANG_WARN_STRICT_PROTOTYPES = YES;
				CLANG_WARN_SUSPICIOUS_MOVE = YES;
				CLANG_WARN_UNGUARDED_AVAILABILITY = YES_AGGRESSIVE;
				CLANG_WARN_UNREACHABLE_CODE = YES;
				CLANG_WARN__DUPLICATE_METHOD_MATCH = YES;
				CODE_SIGN_IDENTITY = "iPhone Developer";
				COPY_PHASE_STRIP = NO;
				DEBUG_INFORMATION_FORMAT = "dwarf-with-dsym";
				ENABLE_NS_ASSERTIONS = NO;
				ENABLE_STRICT_OBJC_MSGSEND = YES;
				GCC_C_LANGUAGE_STANDARD = gnu11;
				GCC_NO_COMMON_BLOCKS = YES;
				GCC_WARN_64_TO_32_BIT_CONVERSION = YES;
				GCC_WARN_ABOUT_RETURN_TYPE = YES_ERROR;
				GCC_WARN_UNDECLARED_SELECTOR = YES;
				GCC_WARN_UNINITIALIZED_AUTOS = YES_AGGRESSIVE;
				GCC_WARN_UNUSED_FUNCTION = YES;
				GCC_WARN_UNUSED_VARIABLE = YES;
				IPHONEOS_DEPLOYMENT_TARGET = 12.1;
				MTL_ENABLE_DEBUG_INFO = NO;
				MTL_FAST_MATH = YES;
				SDKROOT = iphoneos;
				SWIFT_COMPILATION_MODE = wholemodule;
				SWIFT_OPTIMIZATION_LEVEL = "-O";
				VALIDATE_PRODUCT = YES;
			};
			name = Release;
		};
		D41BDA062231605E00526973 /* Debug */ = {
			isa = XCBuildConfiguration;
			buildSettings = {
				ASSETCATALOG_COMPILER_APPICON_NAME = AppIcon;
				CODE_SIGN_STYLE = Automatic;
				DEVELOPMENT_TEAM = GJ3CB2MZ43;
				INFOPLIST_FILE = "Appartoo Test/Info.plist";
				LD_RUNPATH_SEARCH_PATHS = (
					"$(inherited)",
					"@executable_path/Frameworks",
				);
				PRODUCT_BUNDLE_IDENTIFIER = "piergabory.Appartoo-Internship-Test";
				PRODUCT_NAME = "$(TARGET_NAME)";
				SWIFT_VERSION = 4.2;
				TARGETED_DEVICE_FAMILY = "1,2";
			};
			name = Debug;
		};
		D41BDA072231605E00526973 /* Release */ = {
			isa = XCBuildConfiguration;
			buildSettings = {
				ASSETCATALOG_COMPILER_APPICON_NAME = AppIcon;
				CODE_SIGN_STYLE = Automatic;
				DEVELOPMENT_TEAM = GJ3CB2MZ43;
				INFOPLIST_FILE = "Appartoo Test/Info.plist";
				LD_RUNPATH_SEARCH_PATHS = (
					"$(inherited)",
					"@executable_path/Frameworks",
				);
				PRODUCT_BUNDLE_IDENTIFIER = "piergabory.Appartoo-Internship-Test";
				PRODUCT_NAME = "$(TARGET_NAME)";
				SWIFT_VERSION = 4.2;
				TARGETED_DEVICE_FAMILY = "1,2";
			};
			name = Release;
		};
/* End XCBuildConfiguration section */

/* Begin XCConfigurationList section */
		D41BD9EC2231605D00526973 /* Build configuration list for PBXProject "Appartoo Test" */ = {
			isa = XCConfigurationList;
			buildConfigurations = (
				D41BDA032231605E00526973 /* Debug */,
				D41BDA042231605E00526973 /* Release */,
			);
			defaultConfigurationIsVisible = 0;
			defaultConfigurationName = Release;
		};
		D41BDA052231605E00526973 /* Build configuration list for PBXNativeTarget "Appartoo Test" */ = {
			isa = XCConfigurationList;
			buildConfigurations = (
				D41BDA062231605E00526973 /* Debug */,
				D41BDA072231605E00526973 /* Release */,
			);
			defaultConfigurationIsVisible = 0;
			defaultConfigurationName = Release;
		};
/* End XCConfigurationList section */
	};
	rootObject = D41BD9E92231605D00526973 /* Project object */;
}
